
Microsoft Visual Studio Solution File, Format Version 12.00
# Visual Studio Version 16
VisualStudioVersion = 16.0.30320.27
MinimumVisualStudioVersion = 10.0.40219.1
Project("{FAE04EC0-301F-11D3-BF4B-00C04F79EFBC}") = "Task9", "Task9\Task9.csproj", "{49AF2F46-C181-4260-9751-BC578F55BC8B}"
EndProject
Global
	GlobalSection(SolutionConfigurationPlatforms) = preSolution
		Debug|Any CPU = Debug|Any CPU
		Release|Any CPU = Release|Any CPU
	EndGlobalSection
	GlobalSection(ProjectConfigurationPlatforms) = postSolution
		{49AF2F46-C181-4260-9751-BC578F55BC8B}.Debug|Any CPU.ActiveCfg = Debug|Any CPU
		{49AF2F46-C181-4260-9751-BC578F55BC8B}.Debug|Any CPU.Build.0 = Debug|Any CPU
		{49AF2F46-C181-4260-9751-BC578F55BC8B}.Release|Any CPU.ActiveCfg = Release|Any CPU
		{49AF2F46-C181-4260-9751-BC578F55BC8B}.Release|Any CPU.Build.0 = Release|Any CPU
	EndGlobalSection
	GlobalSection(SolutionProperties) = preSolution
		HideSolutionNode = FALSE
	EndGlobalSection
	GlobalSection(ExtensibilityGlobals) = postSolution
		SolutionGuid = {954C241E-1541-4FE3-8985-EBDD6B6C1BEB}
	EndGlobalSection
EndGlobal
